
Microsoft Visual Studio Solution File, Format Version 12.00
# Visual Studio Version 18
VisualStudioVersion = 18.0.11222.15 d18.0
MinimumVisualStudioVersion = 10.0.40219.1
Project("{2150E333-8FDC-42A3-9474-1A3956D46DE8}") = "src", "src", "{827E0CD3-B72D-47B6-A68D-7590B98EB39B}"
EndProject
Project("{FAE04EC0-301F-11D3-BF4B-00C04F79EFBC}") = "AegisMint.Core", "src\AegisMint.Core\AegisMint.Core.csproj", "{61AE322E-A41F-44F8-B6DC-4314F2201B20}"
EndProject
Project("{FAE04EC0-301F-11D3-BF4B-00C04F79EFBC}") = "AegisMint.Mint", "src\AegisMint.Mint\AegisMint.Mint.csproj", "{3356A0DB-0CA5-4E79-AA3D-EF15AAD27B70}"
EndProject
Project("{FAE04EC0-301F-11D3-BF4B-00C04F79EFBC}") = "AegisMint.Developer", "src\AegisMint.Developer\AegisMint.Developer.csproj", "{B2EDEE81-68C4-4926-AC5C-6F3B5C91F5A9}"
EndProject
Project("{FAE04EC0-301F-11D3-BF4B-00C04F79EFBC}") = "AegisMint.MintControl", "src\AegisMint.MintControl\AegisMint.MintControl.csproj", "{FD70CFEF-D34A-494D-A91B-C5E8772549DC}"
EndProject
Global
	GlobalSection(SolutionConfigurationPlatforms) = preSolution
		Debug|Any CPU = Debug|Any CPU
		Debug|x64 = Debug|x64
		Debug|x86 = Debug|x86
		Release|Any CPU = Release|Any CPU
		Release|x64 = Release|x64
		Release|x86 = Release|x86
	EndGlobalSection
	GlobalSection(ProjectConfigurationPlatforms) = postSolution
		{61AE322E-A41F-44F8-B6DC-4314F2201B20}.Debug|Any CPU.ActiveCfg = Debug|Any CPU
		{61AE322E-A41F-44F8-B6DC-4314F2201B20}.Debug|Any CPU.Build.0 = Debug|Any CPU
		{61AE322E-A41F-44F8-B6DC-4314F2201B20}.Debug|x64.ActiveCfg = Debug|Any CPU
		{61AE322E-A41F-44F8-B6DC-4314F2201B20}.Debug|x64.Build.0 = Debug|Any CPU
		{61AE322E-A41F-44F8-B6DC-4314F2201B20}.Debug|x86.ActiveCfg = Debug|Any CPU
		{61AE322E-A41F-44F8-B6DC-4314F2201B20}.Debug|x86.Build.0 = Debug|Any CPU
		{61AE322E-A41F-44F8-B6DC-4314F2201B20}.Release|Any CPU.ActiveCfg = Release|Any CPU
		{61AE322E-A41F-44F8-B6DC-4314F2201B20}.Release|Any CPU.Build.0 = Release|Any CPU
		{61AE322E-A41F-44F8-B6DC-4314F2201B20}.Release|x64.ActiveCfg = Release|Any CPU
		{61AE322E-A41F-44F8-B6DC-4314F2201B20}.Release|x64.Build.0 = Release|Any CPU
		{61AE322E-A41F-44F8-B6DC-4314F2201B20}.Release|x86.ActiveCfg = Release|Any CPU
		{61AE322E-A41F-44F8-B6DC-4314F2201B20}.Release|x86.Build.0 = Release|Any CPU
		{3356A0DB-0CA5-4E79-AA3D-EF15AAD27B70}.Debug|Any CPU.ActiveCfg = Debug|Any CPU
		{3356A0DB-0CA5-4E79-AA3D-EF15AAD27B70}.Debug|Any CPU.Build.0 = Debug|Any CPU
		{3356A0DB-0CA5-4E79-AA3D-EF15AAD27B70}.Debug|x64.ActiveCfg = Debug|Any CPU
		{3356A0DB-0CA5-4E79-AA3D-EF15AAD27B70}.Debug|x64.Build.0 = Debug|Any CPU
		{3356A0DB-0CA5-4E79-AA3D-EF15AAD27B70}.Debug|x86.ActiveCfg = Debug|Any CPU
		{3356A0DB-0CA5-4E79-AA3D-EF15AAD27B70}.Debug|x86.Build.0 = Debug|Any CPU
		{3356A0DB-0CA5-4E79-AA3D-EF15AAD27B70}.Release|Any CPU.ActiveCfg = Release|Any CPU
		{3356A0DB-0CA5-4E79-AA3D-EF15AAD27B70}.Release|Any CPU.Build.0 = Release|Any CPU
		{3356A0DB-0CA5-4E79-AA3D-EF15AAD27B70}.Release|x64.ActiveCfg = Release|Any CPU
		{3356A0DB-0CA5-4E79-AA3D-EF15AAD27B70}.Release|x64.Build.0 = Release|Any CPU
		{3356A0DB-0CA5-4E79-AA3D-EF15AAD27B70}.Release|x86.ActiveCfg = Release|Any CPU
		{3356A0DB-0CA5-4E79-AA3D-EF15AAD27B70}.Release|x86.Build.0 = Release|Any CPU
		{B2EDEE81-68C4-4926-AC5C-6F3B5C91F5A9}.Debug|Any CPU.ActiveCfg = Debug|Any CPU
		{B2EDEE81-68C4-4926-AC5C-6F3B5C91F5A9}.Debug|Any CPU.Build.0 = Debug|Any CPU
		{B2EDEE81-68C4-4926-AC5C-6F3B5C91F5A9}.Debug|x64.ActiveCfg = Debug|Any CPU
		{B2EDEE81-68C4-4926-AC5C-6F3B5C91F5A9}.Debug|x64.Build.0 = Debug|Any CPU
		{B2EDEE81-68C4-4926-AC5C-6F3B5C91F5A9}.Debug|x86.ActiveCfg = Debug|Any CPU
		{B2EDEE81-68C4-4926-AC5C-6F3B5C91F5A9}.Debug|x86.Build.0 = Debug|Any CPU
		{B2EDEE81-68C4-4926-AC5C-6F3B5C91F5A9}.Release|Any CPU.ActiveCfg = Release|Any CPU
		{B2EDEE81-68C4-4926-AC5C-6F3B5C91F5A9}.Release|Any CPU.Build.0 = Release|Any CPU
		{B2EDEE81-68C4-4926-AC5C-6F3B5C91F5A9}.Release|x64.ActiveCfg = Release|Any CPU
		{B2EDEE81-68C4-4926-AC5C-6F3B5C91F5A9}.Release|x64.Build.0 = Release|Any CPU
		{B2EDEE81-68C4-4926-AC5C-6F3B5C91F5A9}.Release|x86.ActiveCfg = Release|Any CPU
		{B2EDEE81-68C4-4926-AC5C-6F3B5C91F5A9}.Release|x86.Build.0 = Release|Any CPU
		{FD70CFEF-D34A-494D-A91B-C5E8772549DC}.Debug|Any CPU.ActiveCfg = Debug|Any CPU
		{FD70CFEF-D34A-494D-A91B-C5E8772549DC}.Debug|Any CPU.Build.0 = Debug|Any CPU
		{FD70CFEF-D34A-494D-A91B-C5E8772549DC}.Debug|x64.ActiveCfg = Debug|Any CPU
		{FD70CFEF-D34A-494D-A91B-C5E8772549DC}.Debug|x64.Build.0 = Debug|Any CPU
		{FD70CFEF-D34A-494D-A91B-C5E8772549DC}.Debug|x86.ActiveCfg = Debug|Any CPU
		{FD70CFEF-D34A-494D-A91B-C5E8772549DC}.Debug|x86.Build.0 = Debug|Any CPU
		{FD70CFEF-D34A-494D-A91B-C5E8772549DC}.Release|Any CPU.ActiveCfg = Release|Any CPU
		{FD70CFEF-D34A-494D-A91B-C5E8772549DC}.Release|Any CPU.Build.0 = Release|Any CPU
		{FD70CFEF-D34A-494D-A91B-C5E8772549DC}.Release|x64.ActiveCfg = Release|Any CPU
		{FD70CFEF-D34A-494D-A91B-C5E8772549DC}.Release|x64.Build.0 = Release|Any CPU
		{FD70CFEF-D34A-494D-A91B-C5E8772549DC}.Release|x86.ActiveCfg = Release|Any CPU
		{FD70CFEF-D34A-494D-A91B-C5E8772549DC}.Release|x86.Build.0 = Release|Any CPU
	EndGlobalSection
	GlobalSection(SolutionProperties) = preSolution
		HideSolutionNode = FALSE
	EndGlobalSection
	GlobalSection(NestedProjects) = preSolution
		{61AE322E-A41F-44F8-B6DC-4314F2201B20} = {827E0CD3-B72D-47B6-A68D-7590B98EB39B}
		{3356A0DB-0CA5-4E79-AA3D-EF15AAD27B70} = {827E0CD3-B72D-47B6-A68D-7590B98EB39B}
		{B2EDEE81-68C4-4926-AC5C-6F3B5C91F5A9} = {827E0CD3-B72D-47B6-A68D-7590B98EB39B}
		{FD70CFEF-D34A-494D-A91B-C5E8772549DC} = {827E0CD3-B72D-47B6-A68D-7590B98EB39B}
	EndGlobalSection
	GlobalSection(ExtensibilityGlobals) = postSolution
		SolutionGuid = {46C919F9-0D49-4409-817B-0EC183642729}
	EndGlobalSection
EndGlobal
